{
  "nodes": {
    "nixpkgs": {
      "locked": {
        "lastModified": 1726320982,
        "narHash": "sha256-RuVXUwcYwaUeks6h3OLrEmg14z9aFXdWppTWPMTwdQw=",
        "owner": "NixOS",
        "repo": "nixpkgs",
        "rev": "8f7492cce28977fbf8bd12c72af08b1f6c7c3e49",
        "type": "github"
      },
      "original": {
        "owner": "NixOS",
        "ref": "nixos-24.05",
        "repo": "nixpkgs",
        "type": "github"
      }
    },
    "root": {
      "inputs": {
        "nixpkgs": "nixpkgs",
        "unstable": "unstable"
      }
    },
    "unstable": {
      "locked": {
        "lastModified": 1726463316,
        "narHash": "sha256-gI9kkaH0ZjakJOKrdjaI/VbaMEo9qBbSUl93DnU7f4c=",
        "owner": "NixOS",
        "repo": "nixpkgs",
        "rev": "99dc8785f6a0adac95f5e2ab05cc2e1bf666d172",
        "type": "github"
      },
      "original": {
        "owner": "NixOS",
        "ref": "nixos-unstable",
        "repo": "nixpkgs",
        "type": "github"
      }
    }
  },
  "root": "root",
  "version": 7
}
